{"1.1.0",
[{<<"base64url">>,{pkg,<<"base64url">>,<<"0.0.1">>},2},
 {<<"certifi">>,{pkg,<<"certifi">>,<<"2.3.1">>},2},
 {<<"cowboy">>,{pkg,<<"cowboy">>,<<"2.6.1">>},1},
 {<<"cowlib">>,{pkg,<<"cowlib">>,<<"2.7.3">>},2},
 {<<"eetcd">>,
  {git,"https://github.com/HaotaoYang/eetcd.git",
       {ref,"2e052348681de2f055ab6508196526f2b126938e"}},
  0},
 {<<"fling">>,
  {git,"https://github.com/HaotaoYang/fling.git",
       {ref,"d112e41a7685e125efcd49bb0085c5358c246062"}},
  1},
 {<<"game_base">>,
  {git,"https://github.com/HaotaoYang/game_base.git",
       {ref,"3a82da83f67feecd0553f01faf809fbf529bfb8b"}},
  0},
 {<<"goldrush">>,{pkg,<<"goldrush">>,<<"0.1.9">>},4},
 {<<"gproc">>,{pkg,<<"gproc">>,<<"0.8.0">>},1},
 {<<"gun">>,{pkg,<<"gun">>,<<"1.3.1">>},1},
 {<<"hackney">>,{pkg,<<"hackney">>,<<"1.13.0">>},1},
 {<<"idna">>,{pkg,<<"idna">>,<<"5.1.2">>},2},
 {<<"jsx">>,{pkg,<<"jsx">>,<<"2.8.3">>},2},
 {<<"jwt">>,{pkg,<<"jwt">>,<<"0.1.11">>},1},
 {<<"lager">>,{pkg,<<"lager">>,<<"3.6.3">>},3},
 {<<"metrics">>,{pkg,<<"metrics">>,<<"1.0.1">>},2},
 {<<"mimerl">>,{pkg,<<"mimerl">>,<<"1.0.2">>},2},
 {<<"new_lager">>,
  {git,"https://github.com/HaotaoYang/new_lager.git",
       {ref,"c9bdf4c6f1179b0cd6a19ba5ad7298a2b562cfb7"}},
  2},
 {<<"observer_cli">>,{pkg,<<"observer_cli">>,<<"1.5.0">>},1},
 {<<"parse_trans">>,{pkg,<<"parse_trans">>,<<"3.2.0">>},3},
 {<<"ranch">>,{pkg,<<"ranch">>,<<"1.7.1">>},2},
 {<<"recon">>,{pkg,<<"recon">>,<<"2.5.0">>},2},
 {<<"record_lib">>,
  {git,"https://github.com/HaotaoYang/record_lib.git",
       {ref,"e9d896ddd4ef22a47b7ddc3a519f914e31430b34"}},
  1},
 {<<"ssl_verify_fun">>,{pkg,<<"ssl_verify_fun">>,<<"1.1.1">>},2},
 {<<"sync">>,{pkg,<<"sync">>,<<"0.1.3">>},1},
 {<<"unicode_util_compat">>,{pkg,<<"unicode_util_compat">>,<<"0.3.1">>},3}]}.
[
{pkg_hash,[
 {<<"base64url">>, <<"36A90125F5948E3AFD7BE97662A1504B934DD5DAC78451CA6E9ABF85A10286BE">>},
 {<<"certifi">>, <<"D0F424232390BF47D82DA8478022301C561CF6445B5B5FB6A84D49A9E76D2639">>},
 {<<"cowboy">>, <<"F2E06F757C337B3B311F9437E6E072B678FCD71545A7B2865BDAA154D078593F">>},
 {<<"cowlib">>, <<"A7FFCD0917E6D50B4D5FB28E9E2085A0CEB3C97DEA310505F7460FF5ED764CE9">>},
 {<<"goldrush">>, <<"F06E5D5F1277DA5C413E84D5A2924174182FB108DABB39D5EC548B27424CD106">>},
 {<<"gproc">>, <<"CEA02C578589C61E5341FCE149EA36CCEF236CC2ECAC8691FBA408E7EA77EC2F">>},
 {<<"gun">>, <<"1489FD96018431B89F401041A9CE0B02B45265247F0FDCF71273BF087C64EA4F">>},
 {<<"hackney">>, <<"24EDC8CD2B28E1C652593833862435C80661834F6C9344E84B6A2255E7AEEF03">>},
 {<<"idna">>, <<"E21CB58A09F0228A9E0B95EAA1217F1BCFC31A1AAA6E1FDF2F53A33F7DBD9494">>},
 {<<"jsx">>, <<"A05252D381885240744D955FBE3CF810504EB2567164824E19303EA59EEF62CF">>},
 {<<"jwt">>, <<"4F18896C4A182530ED445312C45AC353D801FBDFD54F538910370E9CF12687CF">>},
 {<<"lager">>, <<"FE78951D174616273F87F0DBC3374D1430B1952E5EFC4E1C995592D30A207294">>},
 {<<"metrics">>, <<"25F094DEA2CDA98213CECC3AEFF09E940299D950904393B2A29D191C346A8486">>},
 {<<"mimerl">>, <<"993F9B0E084083405ED8252B99460C4F0563E41729AB42D9074FD5E52439BE88">>},
 {<<"observer_cli">>, <<"9944882B71F55B2503663D9CB54D3F1C7BBDF7CC6DD01CC40EA8EF51207601EC">>},
 {<<"parse_trans">>, <<"2ADFA4DAF80C14DC36F522CF190EB5C4EE3E28008FC6394397C16F62A26258C2">>},
 {<<"ranch">>, <<"6B1FAB51B49196860B733A49C07604465A47BDB78AA10C1C16A3D199F7F8C881">>},
 {<<"recon">>, <<"2F7FCBEC2C35034BADE2F9717F77059DC54EB4E929A3049CA7BA6775C0BD66CD">>},
 {<<"ssl_verify_fun">>, <<"28A4D65B7F59893BC2C7DE786DEC1E1555BD742D336043FE644AE956C3497FBE">>},
 {<<"sync">>, <<"C5785FE1311542B76355F403B8E0B35E30DBBEE1F5E89968748CEA4D0A20D289">>},
 {<<"unicode_util_compat">>, <<"A1F612A7B512638634A603C8F401892AFBF99B8CE93A45041F8AACA99CADB85E">>}]}
].
