{"1.2.0",
[{<<"cowboy">>,{pkg,<<"cowboy">>,<<"2.0.0">>},0},
 {<<"cowlib">>,{pkg,<<"cowlib">>,<<"2.0.1">>},1},
 {<<"eetcd">>,
  {git,"https://github.com/HaotaoYang/eetcd.git",
       {ref,"2e052348681de2f055ab6508196526f2b126938e"}},
  0},
 {<<"goldrush">>,{pkg,<<"goldrush">>,<<"0.1.9">>},2},
 {<<"gun">>,{pkg,<<"gun">>,<<"1.3.1">>},1},
 {<<"lager">>,{pkg,<<"lager">>,<<"3.6.3">>},1},
 {<<"lager_daily_rotation_file_backend">>,
  {git,"https://github.com/HaotaoYang/lager_daily_rotation_file_backend.git",
       {ref,"3c3c26c7c8ef1b5a627ca066cd13287180df6156"}},
  0},
 {<<"ranch">>,{pkg,<<"ranch">>,<<"1.4.0">>},1},
 {<<"sync">>,{pkg,<<"sync">>,<<"0.1.3">>},0}]}.
[
{pkg_hash,[
 {<<"cowboy">>, <<"A3B680BCC1156C6FBCB398CC56ADC35177037012D7DC28D8F7E7926D6C243561">>},
 {<<"cowlib">>, <<"4DFFFB1DB296EAB9F2E8B95EE3017007F674BC920CE30AEB5A53BBDA82FC38C0">>},
 {<<"goldrush">>, <<"F06E5D5F1277DA5C413E84D5A2924174182FB108DABB39D5EC548B27424CD106">>},
 {<<"gun">>, <<"1489FD96018431B89F401041A9CE0B02B45265247F0FDCF71273BF087C64EA4F">>},
 {<<"lager">>, <<"FE78951D174616273F87F0DBC3374D1430B1952E5EFC4E1C995592D30A207294">>},
 {<<"ranch">>, <<"10272F95DA79340FA7E8774BA7930B901713D272905D0012B06CA6D994F8826B">>},
 {<<"sync">>, <<"C5785FE1311542B76355F403B8E0B35E30DBBEE1F5E89968748CEA4D0A20D289">>}]},
{pkg_hash_ext,[
 {<<"cowboy">>, <<"6C7C840B4353DF9F3F7F2C053D58A3D1B0CD4D2BD71265D23EC31089565578CC">>},
 {<<"cowlib">>, <<"0D74161B7F5C0FFAF390C5F59D2267A504A095F275C722E221716472C80CAAEA">>},
 {<<"goldrush">>, <<"99CB4128CFFCB3227581E5D4D803D5413FA643F4EB96523F77D9E6937D994CEB">>},
 {<<"gun">>, <<"F4D25A6946E34FE5D4D698DB32B0F2A9BBB1E9FD75D23A0FFADBAD373C48451F">>},
 {<<"lager">>, <<"764C0C8A445DCE31926C2C33ACAB7D514CE4FEDB9390374FE4D0AD72C39F0894">>},
 {<<"ranch">>, <<"53AD9C80918EA2B6D11E0C225D4396473C288D02C44C9CA5EB0AA2E1C85FECBA">>},
 {<<"sync">>, <<"8711534A0F7A12B9FCF1C725C12137E2300584BA9FE5CB1A565E7D4AAA94B92C">>}]}
].
